
Microsoft Visual Studio Solution File, Format Version 12.00
# Visual Studio Version 17
VisualStudioVersion = 17.9.34526.213
MinimumVisualStudioVersion = 10.0.40219.1
Project("{FAE04EC0-301F-11D3-BF4B-00C04F79EFBC}") = "ControleDeContatos", "ControleDeContatos\ControleDeContatos.csproj", "{5CC1258A-4046-4C87-863B-7157B0B456D2}"
EndProject
Global
	GlobalSection(SolutionConfigurationPlatforms) = preSolution
		Debug|Any CPU = Debug|Any CPU
		Release|Any CPU = Release|Any CPU
	EndGlobalSection
	GlobalSection(ProjectConfigurationPlatforms) = postSolution
		{5CC1258A-4046-4C87-863B-7157B0B456D2}.Debug|Any CPU.ActiveCfg = Debug|Any CPU
		{5CC1258A-4046-4C87-863B-7157B0B456D2}.Debug|Any CPU.Build.0 = Debug|Any CPU
		{5CC1258A-4046-4C87-863B-7157B0B456D2}.Release|Any CPU.ActiveCfg = Release|Any CPU
		{5CC1258A-4046-4C87-863B-7157B0B456D2}.Release|Any CPU.Build.0 = Release|Any CPU
	EndGlobalSection
	GlobalSection(SolutionProperties) = preSolution
		HideSolutionNode = FALSE
	EndGlobalSection
	GlobalSection(ExtensibilityGlobals) = postSolution
		SolutionGuid = {8865D587-243C-4255-A8C4-1D45775DEEBC}
	EndGlobalSection
EndGlobal
